
Microsoft Visual Studio Solution File, Format Version 12.00
# Visual Studio Version 17
VisualStudioVersion = 17.7.34202.233
MinimumVisualStudioVersion = 10.0.40219.1
Project("{FAE04EC0-301F-11D3-BF4B-00C04F79EFBC}") = "EjerciciosPracticos3_U2_SAEG", "EjerciciosPracticos3_U2_SAEG\EjerciciosPracticos3_U2_SAEG.csproj", "{46D997D1-9926-45B7-BE16-7AEE759A8107}"
EndProject
Global
	GlobalSection(SolutionConfigurationPlatforms) = preSolution
		Debug|Any CPU = Debug|Any CPU
		Release|Any CPU = Release|Any CPU
	EndGlobalSection
	GlobalSection(ProjectConfigurationPlatforms) = postSolution
		{46D997D1-9926-45B7-BE16-7AEE759A8107}.Debug|Any CPU.ActiveCfg = Debug|Any CPU
		{46D997D1-9926-45B7-BE16-7AEE759A8107}.Debug|Any CPU.Build.0 = Debug|Any CPU
		{46D997D1-9926-45B7-BE16-7AEE759A8107}.Release|Any CPU.ActiveCfg = Release|Any CPU
		{46D997D1-9926-45B7-BE16-7AEE759A8107}.Release|Any CPU.Build.0 = Release|Any CPU
	EndGlobalSection
	GlobalSection(SolutionProperties) = preSolution
		HideSolutionNode = FALSE
	EndGlobalSection
	GlobalSection(ExtensibilityGlobals) = postSolution
		SolutionGuid = {8FE3A79C-647B-4086-A352-456B4D044CA1}
	EndGlobalSection
EndGlobal
